
Microsoft Visual Studio Solution File, Format Version 12.00
# Visual Studio Version 16
VisualStudioVersion = 25.0.1706.4
MinimumVisualStudioVersion = 10.0.40219.1
Project("{FAE04EC0-301F-11D3-BF4B-00C04F79EFBC}") = "HomeApi", "HomeApi.csproj", "{5A55CD05-0F45-442D-94DC-CAA67629DD0A}"
EndProject
Global
	GlobalSection(SolutionConfigurationPlatforms) = preSolution
		Debug|Any CPU = Debug|Any CPU
		Release|Any CPU = Release|Any CPU
	EndGlobalSection
	GlobalSection(ProjectConfigurationPlatforms) = postSolution
		{5A55CD05-0F45-442D-94DC-CAA67629DD0A}.Debug|Any CPU.ActiveCfg = Debug|Any CPU
		{5A55CD05-0F45-442D-94DC-CAA67629DD0A}.Debug|Any CPU.Build.0 = Debug|Any CPU
		{5A55CD05-0F45-442D-94DC-CAA67629DD0A}.Release|Any CPU.ActiveCfg = Release|Any CPU
		{5A55CD05-0F45-442D-94DC-CAA67629DD0A}.Release|Any CPU.Build.0 = Release|Any CPU
	EndGlobalSection
	GlobalSection(SolutionProperties) = preSolution
		HideSolutionNode = FALSE
	EndGlobalSection
	GlobalSection(ExtensibilityGlobals) = postSolution
		SolutionGuid = {B4837EF8-8BD4-475D-B75E-3C0D2712BE17}
	EndGlobalSection
EndGlobal
